
Microsoft Visual Studio Solution File, Format Version 12.00
# Visual Studio Version 16
VisualStudioVersion = 16.0.30907.101
MinimumVisualStudioVersion = 10.0.40219.1
Project("{FAE04EC0-301F-11D3-BF4B-00C04F79EFBC}") = "Entities", "Entities\Entities.csproj", "{378B6698-AC10-4FEE-BD9E-9F1192139DB8}"
EndProject
Project("{FAE04EC0-301F-11D3-BF4B-00C04F79EFBC}") = "Business", "Business\Business.csproj", "{014341B7-6E4C-44EF-8F92-6C9A51E49F52}"
EndProject
Project("{FAE04EC0-301F-11D3-BF4B-00C04F79EFBC}") = "DataAccess", "DataAccess\DataAccess.csproj", "{03BE6DDB-DAC1-482B-B430-E3F38FBBB86F}"
EndProject
Project("{FAE04EC0-301F-11D3-BF4B-00C04F79EFBC}") = "Core", "Core\Core.csproj", "{1438FBEA-3DA9-4FD6-93E4-146BEC92A7D0}"
EndProject
Project("{FAE04EC0-301F-11D3-BF4B-00C04F79EFBC}") = "ConsoleUI", "ConsoleUI\ConsoleUI.csproj", "{155D0FA3-3E79-47D5-AABC-E267298FF626}"
EndProject
Global
	GlobalSection(SolutionConfigurationPlatforms) = preSolution
		Debug|Any CPU = Debug|Any CPU
		Release|Any CPU = Release|Any CPU
	EndGlobalSection
	GlobalSection(ProjectConfigurationPlatforms) = postSolution
		{378B6698-AC10-4FEE-BD9E-9F1192139DB8}.Debug|Any CPU.ActiveCfg = Debug|Any CPU
		{378B6698-AC10-4FEE-BD9E-9F1192139DB8}.Debug|Any CPU.Build.0 = Debug|Any CPU
		{378B6698-AC10-4FEE-BD9E-9F1192139DB8}.Release|Any CPU.ActiveCfg = Release|Any CPU
		{378B6698-AC10-4FEE-BD9E-9F1192139DB8}.Release|Any CPU.Build.0 = Release|Any CPU
		{014341B7-6E4C-44EF-8F92-6C9A51E49F52}.Debug|Any CPU.ActiveCfg = Debug|Any CPU
		{014341B7-6E4C-44EF-8F92-6C9A51E49F52}.Debug|Any CPU.Build.0 = Debug|Any CPU
		{014341B7-6E4C-44EF-8F92-6C9A51E49F52}.Release|Any CPU.ActiveCfg = Release|Any CPU
		{014341B7-6E4C-44EF-8F92-6C9A51E49F52}.Release|Any CPU.Build.0 = Release|Any CPU
		{03BE6DDB-DAC1-482B-B430-E3F38FBBB86F}.Debug|Any CPU.ActiveCfg = Debug|Any CPU
		{03BE6DDB-DAC1-482B-B430-E3F38FBBB86F}.Debug|Any CPU.Build.0 = Debug|Any CPU
		{03BE6DDB-DAC1-482B-B430-E3F38FBBB86F}.Release|Any CPU.ActiveCfg = Release|Any CPU
		{03BE6DDB-DAC1-482B-B430-E3F38FBBB86F}.Release|Any CPU.Build.0 = Release|Any CPU
		{1438FBEA-3DA9-4FD6-93E4-146BEC92A7D0}.Debug|Any CPU.ActiveCfg = Debug|Any CPU
		{1438FBEA-3DA9-4FD6-93E4-146BEC92A7D0}.Debug|Any CPU.Build.0 = Debug|Any CPU
		{1438FBEA-3DA9-4FD6-93E4-146BEC92A7D0}.Release|Any CPU.ActiveCfg = Release|Any CPU
		{1438FBEA-3DA9-4FD6-93E4-146BEC92A7D0}.Release|Any CPU.Build.0 = Release|Any CPU
		{155D0FA3-3E79-47D5-AABC-E267298FF626}.Debug|Any CPU.ActiveCfg = Debug|Any CPU
		{155D0FA3-3E79-47D5-AABC-E267298FF626}.Debug|Any CPU.Build.0 = Debug|Any CPU
		{155D0FA3-3E79-47D5-AABC-E267298FF626}.Release|Any CPU.ActiveCfg = Release|Any CPU
		{155D0FA3-3E79-47D5-AABC-E267298FF626}.Release|Any CPU.Build.0 = Release|Any CPU
	EndGlobalSection
	GlobalSection(SolutionProperties) = preSolution
		HideSolutionNode = FALSE
	EndGlobalSection
	GlobalSection(ExtensibilityGlobals) = postSolution
		SolutionGuid = {F7D38FBD-8476-41B2-9B43-14A4162C630D}
	EndGlobalSection
EndGlobal
